
Microsoft Visual Studio Solution File, Format Version 12.00
# Visual Studio 15
VisualStudioVersion = 15.0.26430.6
MinimumVisualStudioVersion = 10.0.40219.1
Project("{FAE04EC0-301F-11D3-BF4B-00C04F79EFBC}") = "testing", "testing\testing.csproj", "{38C0B91B-305F-40F9-977E-373A2654F051}"
EndProject
Global
	GlobalSection(SolutionConfigurationPlatforms) = preSolution
		Debug|Any CPU = Debug|Any CPU
		Release|Any CPU = Release|Any CPU
	EndGlobalSection
	GlobalSection(ProjectConfigurationPlatforms) = postSolution
		{38C0B91B-305F-40F9-977E-373A2654F051}.Debug|Any CPU.ActiveCfg = Debug|Any CPU
		{38C0B91B-305F-40F9-977E-373A2654F051}.Debug|Any CPU.Build.0 = Debug|Any CPU
		{38C0B91B-305F-40F9-977E-373A2654F051}.Release|Any CPU.ActiveCfg = Release|Any CPU
		{38C0B91B-305F-40F9-977E-373A2654F051}.Release|Any CPU.Build.0 = Release|Any CPU
	EndGlobalSection
	GlobalSection(SolutionProperties) = preSolution
		HideSolutionNode = FALSE
	EndGlobalSection
EndGlobal
